# This file was autogenerated by uv via the following command:
#    uv pip compile requirements/requirements_doc.txt -o requirements/requirements_doc_uv.lock --python-version 3.10
accessible-pygments==0.0.5
    # via pydata-sphinx-theme
aiohappyeyeballs==2.6.2
    # via aiohttp
aiohttp==3.14.1
    # via
    #   jupyter-server-proxy
    #   wslink
aiosignal==1.4.0
    # via aiohttp
alabaster==1.0.0
    # via sphinx
annotated-types==0.7.0
    # via pydantic
ansys-api-edb==0.3.0
    # via ansys-edb-core
ansys-edb-core==0.3.1
    # via pyedb
ansys-sphinx-theme==1.8.2
    # via -r requirements/requirements_doc.txt
ansys-tools-common==0.5.0
    # via
    #   ansys-edb-core
    #   pyaedt
ansys-tools-visualization-interface==0.13.3
    # via pyaedt
anyio==4.13.0
    # via
    #   httpx
    #   jupyter-server
    #   starlette
    #   watchfiles
argon2-cffi==25.1.0
    # via jupyter-server
argon2-cffi-bindings==25.1.0
    # via argon2-cffi
arrow==1.4.0
    # via isoduration
asttokens==3.0.1
    # via stack-data
async-lru==2.3.0
    # via jupyterlab
async-timeout==5.0.1
    # via aiohttp
attrs==26.1.0
    # via
    #   aiohttp
    #   cyclopts
    #   jsonschema
    #   referencing
babel==2.18.0
    # via
    #   jupyterlab-server
    #   pydata-sphinx-theme
    #   sphinx
beautifulsoup4==4.15.0
    # via
    #   nbconvert
    #   pydata-sphinx-theme
bleach==6.4.0
    # via nbconvert
blosc2==4.3.3
    # via tables
certifi==2026.5.20
    # via
    #   httpcore
    #   httpx
    #   pyogrio
    #   pyproj
    #   requests
cffi==2.0.0
    # via argon2-cffi-bindings
charset-normalizer==3.4.7
    # via requests
click==8.4.1
    # via
    #   ansys-tools-common
    #   uvicorn
colorama==0.4.6
    # via sphinx-autobuild
comm==0.2.3
    # via
    #   ipykernel
    #   ipywidgets
commonmark==0.9.2
    # via recommonmark
contourpy==1.3.2
    # via matplotlib
cycler==0.12.1
    # via matplotlib
cyclopts==4.16.1
    # via pyvista
debugpy==1.8.21
    # via ipykernel
decorator==5.3.1
    # via ipython
defusedxml==0.7.1
    # via
    #   fpdf2
    #   nbconvert
    #   pyaedt
    #   pyedb
docstring-parser==0.18.0
    # via cyclopts
docutils==0.21.2
    # via
    #   nbsphinx
    #   pydata-sphinx-theme
    #   recommonmark
    #   sphinx
et-xmlfile==2.0.0
    # via openpyxl
exceptiongroup==1.3.1
    # via
    #   anyio
    #   ipython
executing==2.2.1
    # via stack-data
fast-simplification==0.1.13
    # via pyaedt
fastjsonschema==2.21.2
    # via nbformat
fonttools==4.63.0
    # via
    #   fpdf2
    #   matplotlib
fpdf2==2.8.7
    # via pyaedt
fqdn==1.5.1
    # via jsonschema
frozenlist==1.8.0
    # via
    #   aiohttp
    #   aiosignal
fsspec==2026.4.0
    # via pyvista
geopandas==1.1.3
    # via osmnx
grpcio==1.81.0
    # via
    #   ansys-api-edb
    #   ansys-edb-core
    #   pyaedt
h11==0.16.0
    # via
    #   httpcore
    #   uvicorn
httpcore==1.0.9
    # via httpx
httpx==0.28.1
    # via jupyterlab
idna==3.18
    # via
    #   anyio
    #   httpx
    #   jsonschema
    #   requests
    #   yarl
imageio==2.37.3
    # via
    #   pyaedt
    #   pyvista
imagesize==2.0.0
    # via sphinx
importlib-metadata==9.0.0
    # via ansys-sphinx-theme
ipykernel==7.2.0
    # via jupyterlab
ipython==8.39.0
    # via
    #   -r requirements/requirements_doc.txt
    #   ipykernel
    #   ipywidgets
ipywidgets==8.1.8
    # via
    #   -r requirements/requirements_doc.txt
    #   pyvista
isoduration==20.11.0
    # via jsonschema
jedi==0.20.0
    # via ipython
jinja2==3.1.6
    # via
    #   ansys-sphinx-theme
    #   jupyter-server
    #   jupyterlab
    #   jupyterlab-server
    #   nbconvert
    #   nbsphinx
    #   sphinx
    #   sphinxcontrib-websupport
joblib==1.5.3
    # via pyaedt
json5==0.14.0
    # via jupyterlab-server
jsonpointer==3.1.1
    # via jsonschema
jsonschema==4.26.0
    # via
    #   jupyter-events
    #   jupyterlab-server
    #   nbformat
    #   pyaedt
jsonschema-specifications==2025.9.1
    # via jsonschema
jupyter-client==8.9.0
    # via
    #   ipykernel
    #   jupyter-server
    #   nbclient
jupyter-core==5.9.1
    # via
    #   ipykernel
    #   jupyter-client
    #   jupyter-server
    #   jupyterlab
    #   nbclient
    #   nbconvert
    #   nbformat
jupyter-events==0.12.1
    # via jupyter-server
jupyter-lsp==2.3.1
    # via jupyterlab
jupyter-server==2.19.0
    # via
    #   jupyter-lsp
    #   jupyter-server-proxy
    #   jupyterlab
    #   jupyterlab-server
    #   notebook-shim
jupyter-server-proxy==4.5.0
    # via pyvista
jupyter-server-terminals==0.5.4
    # via jupyter-server
jupyterlab==4.5.8
    # via -r requirements/requirements_doc.txt
jupyterlab-pygments==0.3.0
    # via nbconvert
jupyterlab-server==2.28.0
    # via jupyterlab
jupyterlab-widgets==3.0.16
    # via ipywidgets
jupytext==1.19.3
    # via -r requirements/requirements_doc.txt
kiwisolver==1.5.0
    # via matplotlib
lark==1.3.1
    # via rfc3987-syntax
markdown-it-py==4.2.0
    # via
    #   jupytext
    #   mdit-py-plugins
    #   rich
markupsafe==3.0.3
    # via
    #   jinja2
    #   nbconvert
matplotlib==3.10.9
    # via
    #   pyaedt
    #   pyvista
    #   vtk
matplotlib-inline==0.2.2
    # via
    #   ipykernel
    #   ipython
mdit-py-plugins==0.6.1
    # via jupytext
mdurl==0.1.2
    # via markdown-it-py
meshio==5.3.5
    # via pyvista
mistune==3.2.1
    # via nbconvert
more-itertools==11.1.0
    # via trame-server
msgpack==1.1.2
    # via
    #   blosc2
    #   wslink
multidict==6.7.1
    # via
    #   aiohttp
    #   yarl
narwhals==2.22.1
    # via plotly
nbclient==0.11.0
    # via nbconvert
nbconvert==7.17.1
    # via
    #   -r requirements/requirements_doc.txt
    #   jupyter-server
    #   nbsphinx
nbformat==5.10.4
    # via
    #   jupyter-server
    #   jupytext
    #   nbclient
    #   nbconvert
    #   nbsphinx
nbsphinx==0.9.8
    # via -r requirements/requirements_doc.txt
ndindex==1.10.1
    # via blosc2
nest-asyncio==1.6.0
    # via ipykernel
nest-asyncio2==1.7.2
    # via pyvista
networkx==3.4.2
    # via osmnx
notebook-shim==0.2.4
    # via jupyterlab
numexpr==2.14.1
    # via
    #   blosc2
    #   tables
numpy==2.2.6
    # via
    #   blosc2
    #   contourpy
    #   fast-simplification
    #   geopandas
    #   imageio
    #   matplotlib
    #   meshio
    #   numexpr
    #   osmnx
    #   pandas
    #   pyaedt
    #   pyedb
    #   pyogrio
    #   pyvista
    #   scikit-rf
    #   scipy
    #   shapely
    #   tables
numpydoc==1.10.0
    # via -r requirements/requirements_doc.txt
openpyxl==3.1.5
    # via pyaedt
osmnx==2.0.7
    # via pyaedt
overrides==7.7.0
    # via jupyter-server
packaging==26.2
    # via
    #   geopandas
    #   ipykernel
    #   jupyter-events
    #   jupyter-server
    #   jupyterlab
    #   jupyterlab-server
    #   jupytext
    #   matplotlib
    #   nbconvert
    #   plotly
    #   pooch
    #   pyogrio
    #   sphinx
    #   tables
pandas==2.3.3
    # via
    #   geopandas
    #   osmnx
    #   pyaedt
    #   scikit-rf
pandocfilters==1.5.1
    # via nbconvert
parso==0.8.7
    # via jedi
pdf2image==1.17.0
    # via ansys-sphinx-theme
pexpect==4.9.0
    # via ipython
pillow==12.2.0
    # via
    #   fpdf2
    #   imageio
    #   matplotlib
    #   pdf2image
    #   pyaedt
    #   pyvista
    #   sphinx-gallery
platformdirs==4.10.0
    # via
    #   ansys-tools-common
    #   jupyter-core
    #   pooch
plotly==6.8.0
    # via pyaedt
plumbum==2.0.1
    # via rpyc
pooch==1.9.0
    # via pyvista
prometheus-client==0.25.0
    # via jupyter-server
prompt-toolkit==3.0.52
    # via ipython
propcache==0.5.2
    # via
    #   aiohttp
    #   yarl
protobuf==6.33.6
    # via
    #   ansys-api-edb
    #   ansys-edb-core
psutil==7.2.2
    # via
    #   ipykernel
    #   pyaedt
    #   pyedb
ptyprocess==0.7.0
    # via
    #   pexpect
    #   terminado
pure-eval==0.2.3
    # via stack-data
py-cpuinfo==9.0.0
    # via tables
pyaedt @ git+https://github.com/ansys/pyaedt@ac2b528494bc8cd1f6a5449b2b60d3cbe02a4189
    # via -r requirements/requirements_doc.txt
pycparser==3.0
    # via cffi
pydantic==2.13.4
    # via
    #   blosc2
    #   pyaedt
    #   pyedb
pydantic-core==2.46.4
    # via pydantic
pydata-sphinx-theme==0.17.1
    # via ansys-sphinx-theme
pyedb==0.77.0
    # via pyaedt
pygments==2.20.0
    # via
    #   accessible-pygments
    #   ipython
    #   nbconvert
    #   pydata-sphinx-theme
    #   rich
    #   rich-rst
    #   sphinx
pyogrio==0.12.1
    # via geopandas
pypandoc==1.17
    # via -r requirements/requirements_doc.txt
pyparsing==3.3.2
    # via matplotlib
pyproj==3.7.1
    # via geopandas
python-dateutil==2.9.0.post0
    # via
    #   arrow
    #   jupyter-client
    #   matplotlib
    #   pandas
python-json-logger==4.1.0
    # via jupyter-events
pytz==2026.2
    # via pandas
pyvista==0.48.4
    # via
    #   ansys-tools-visualization-interface
    #   pyaedt
    #   pyvista-zstd
pyvista-zstd==0.2.3
    # via pyvista
pyyaml==6.0.3
    # via
    #   ansys-sphinx-theme
    #   jupyter-events
    #   jupytext
    #   pyaedt
    #   trame
pyzmq==27.1.0
    # via
    #   ipykernel
    #   jupyter-client
    #   jupyter-server
recommonmark==0.7.1
    # via -r requirements/requirements_doc.txt
referencing==0.37.0
    # via
    #   jsonschema
    #   jsonschema-specifications
    #   jupyter-events
requests==2.34.2
    # via
    #   ansys-tools-common
    #   blosc2
    #   jupyterlab-server
    #   osmnx
    #   pooch
    #   sphinx
rfc3339-validator==0.1.4
    # via
    #   jsonschema
    #   jupyter-events
rfc3986-validator==0.1.1
    # via
    #   jsonschema
    #   jupyter-events
rfc3987-syntax==1.1.0
    # via jsonschema
rich==15.0.0
    # via
    #   cyclopts
    #   meshio
    #   rich-rst
rich-rst==2.0.1
    # via cyclopts
rpds-py==0.30.0
    # via
    #   jsonschema
    #   referencing
rpyc==6.0.2
    # via pyaedt
scikit-rf==1.12.0
    # via pyaedt
scipy==1.15.3
    # via scikit-rf
scooby==0.11.2
    # via
    #   ansys-tools-common
    #   pyvista
send2trash==2.1.0
    # via jupyter-server
setuptools==82.0.1
    # via jupyterlab
shapely==2.1.2
    # via
    #   geopandas
    #   osmnx
simpervisor==1.0.0
    # via jupyter-server-proxy
six==1.17.0
    # via
    #   python-dateutil
    #   rfc3339-validator
snowballstemmer==3.1.1
    # via sphinx
soupsieve==2.8.4
    # via beautifulsoup4
sphinx==8.1.3
    # via
    #   -r requirements/requirements_doc.txt
    #   ansys-sphinx-theme
    #   nbsphinx
    #   numpydoc
    #   pydata-sphinx-theme
    #   recommonmark
    #   sphinx-autobuild
    #   sphinx-autodoc-typehints
    #   sphinx-copybutton
    #   sphinx-design
    #   sphinx-gallery
    #   sphinx-notfound-page
    #   sphinxcontrib-websupport
sphinx-autobuild==2024.10.3
    # via -r requirements/requirements_doc.txt
sphinx-autodoc-typehints==3.0.1
    # via -r requirements/requirements_doc.txt
sphinx-copybutton==0.5.2
    # via -r requirements/requirements_doc.txt
sphinx-design==0.6.1
    # via -r requirements/requirements_doc.txt
sphinx-gallery==0.21.0
    # via -r requirements/requirements_doc.txt
sphinx-notfound-page==1.1.0
    # via -r requirements/requirements_doc.txt
sphinxcontrib-applehelp==2.0.0
    # via sphinx
sphinxcontrib-devhelp==2.0.0
    # via sphinx
sphinxcontrib-htmlhelp==2.1.0
    # via sphinx
sphinxcontrib-jsmath==1.0.1
    # via sphinx
sphinxcontrib-qthelp==2.0.0
    # via sphinx
sphinxcontrib-serializinghtml==2.0.0
    # via
    #   sphinx
    #   sphinxcontrib-websupport
sphinxcontrib-websupport==2.0.0
    # via -r requirements/requirements_doc.txt
stack-data==0.6.3
    # via ipython
starlette==1.2.1
    # via sphinx-autobuild
tables==3.10.1
    # via pyaedt
terminado==0.18.1
    # via
    #   jupyter-server
    #   jupyter-server-terminals
threadpoolctl==3.6.0
    # via blosc2
tinycss2==1.5.1
    # via bleach
toml==0.10.2
    # via pyedb
tomli==2.4.1
    # via
    #   cyclopts
    #   jupyterlab
    #   jupytext
    #   numpydoc
    #   pyaedt
    #   sphinx
tomli-w==1.2.0
    # via pyaedt
tornado==6.5.7
    # via
    #   ipykernel
    #   jupyter-client
    #   jupyter-server
    #   jupyter-server-proxy
    #   jupyterlab
    #   terminado
tqdm==4.68.1
    # via pyvista-zstd
traitlets==5.15.1
    # via
    #   ipykernel
    #   ipython
    #   ipywidgets
    #   jupyter-client
    #   jupyter-core
    #   jupyter-events
    #   jupyter-server
    #   jupyter-server-proxy
    #   jupyterlab
    #   matplotlib-inline
    #   nbclient
    #   nbconvert
    #   nbformat
    #   nbsphinx
trame==3.13.2
    # via
    #   ansys-tools-visualization-interface
    #   pyvista
trame-client==3.12.3
    # via
    #   pyvista
    #   trame
    #   trame-router
    #   trame-vtk
    #   trame-vuetify
trame-common==1.2.3
    # via
    #   trame
    #   trame-client
    #   trame-server
trame-router==2.3.0
    # via ansys-tools-visualization-interface
trame-server==3.12.4
    # via
    #   pyvista
    #   trame
trame-vtk==2.11.7
    # via
    #   ansys-tools-visualization-interface
    #   pyvista
trame-vuetify==3.2.2
    # via
    #   ansys-tools-visualization-interface
    #   pyvista
typing-extensions==4.15.0
    # via
    #   aiohttp
    #   aiosignal
    #   ansys-tools-common
    #   anyio
    #   async-lru
    #   beautifulsoup4
    #   cyclopts
    #   exceptiongroup
    #   grpcio
    #   ipython
    #   jupyter-client
    #   mistune
    #   multidict
    #   plumbum
    #   pydantic
    #   pydantic-core
    #   pydata-sphinx-theme
    #   pyvista
    #   referencing
    #   scikit-rf
    #   starlette
    #   tables
    #   typing-inspection
    #   uvicorn
typing-inspection==0.4.2
    # via pydantic
tzdata==2026.2
    # via
    #   arrow
    #   pandas
uri-template==1.3.0
    # via jsonschema
urllib3==2.7.0
    # via requests
uvicorn==0.49.0
    # via sphinx-autobuild
vtk==9.6.2
    # via
    #   pyaedt
    #   pyvista
watchfiles==1.2.0
    # via sphinx-autobuild
wcwidth==0.8.1
    # via prompt-toolkit
webcolors==25.10.0
    # via jsonschema
webencodings==0.5.1
    # via
    #   bleach
    #   tinycss2
websocket-client==1.9.0
    # via jupyter-server
websockets==16.0
    # via
    #   ansys-tools-visualization-interface
    #   sphinx-autobuild
widgetsnbextension==4.0.15
    # via ipywidgets
wslink==2.5.7
    # via
    #   trame
    #   trame-server
xmltodict==1.0.4
    # via pyedb
yarl==1.24.2
    # via aiohttp
zipp==4.1.0
    # via importlib-metadata
zstandard==0.25.0
    # via pyvista-zstd
